
Microsoft Visual Studio Solution File, Format Version 12.00
# Visual Studio Version 17
VisualStudioVersion = 17.4.33110.190
MinimumVisualStudioVersion = 10.0.40219.1
Project("{FAE04EC0-301F-11D3-BF4B-00C04F79EFBC}") = "GerenteNiver_AT_DR1", "GerenteNiver_AT_DR1\GerenteNiver_AT_DR1.csproj", "{5F3F104B-1194-45DF-AFDC-5B43A20C8743}"
EndProject
Project("{FAE04EC0-301F-11D3-BF4B-00C04F79EFBC}") = "BibliotecaData", "BibliotecaData\BibliotecaData.csproj", "{D810F44D-5D58-4867-9957-A39B59F768FB}"
EndProject
Project("{FAE04EC0-301F-11D3-BF4B-00C04F79EFBC}") = "InterfacesData", "InterfacesData\InterfacesData.csproj", "{DD105BBA-3E1D-4946-8612-4D1CB33E1770}"
EndProject
Global
	GlobalSection(SolutionConfigurationPlatforms) = preSolution
		Debug|Any CPU = Debug|Any CPU
		Release|Any CPU = Release|Any CPU
	EndGlobalSection
	GlobalSection(ProjectConfigurationPlatforms) = postSolution
		{5F3F104B-1194-45DF-AFDC-5B43A20C8743}.Debug|Any CPU.ActiveCfg = Debug|Any CPU
		{5F3F104B-1194-45DF-AFDC-5B43A20C8743}.Debug|Any CPU.Build.0 = Debug|Any CPU
		{5F3F104B-1194-45DF-AFDC-5B43A20C8743}.Release|Any CPU.ActiveCfg = Release|Any CPU
		{5F3F104B-1194-45DF-AFDC-5B43A20C8743}.Release|Any CPU.Build.0 = Release|Any CPU
		{D810F44D-5D58-4867-9957-A39B59F768FB}.Debug|Any CPU.ActiveCfg = Debug|Any CPU
		{D810F44D-5D58-4867-9957-A39B59F768FB}.Debug|Any CPU.Build.0 = Debug|Any CPU
		{D810F44D-5D58-4867-9957-A39B59F768FB}.Release|Any CPU.ActiveCfg = Release|Any CPU
		{D810F44D-5D58-4867-9957-A39B59F768FB}.Release|Any CPU.Build.0 = Release|Any CPU
		{DD105BBA-3E1D-4946-8612-4D1CB33E1770}.Debug|Any CPU.ActiveCfg = Debug|Any CPU
		{DD105BBA-3E1D-4946-8612-4D1CB33E1770}.Debug|Any CPU.Build.0 = Debug|Any CPU
		{DD105BBA-3E1D-4946-8612-4D1CB33E1770}.Release|Any CPU.ActiveCfg = Release|Any CPU
		{DD105BBA-3E1D-4946-8612-4D1CB33E1770}.Release|Any CPU.Build.0 = Release|Any CPU
	EndGlobalSection
	GlobalSection(SolutionProperties) = preSolution
		HideSolutionNode = FALSE
	EndGlobalSection
	GlobalSection(ExtensibilityGlobals) = postSolution
		SolutionGuid = {238E8660-1180-4897-9976-41509FFE3FFF}
	EndGlobalSection
EndGlobal
